
Microsoft Visual Studio Solution File, Format Version 12.00
# Visual Studio Version 17
VisualStudioVersion = 17.7.34031.279
MinimumVisualStudioVersion = 10.0.40219.1
Project("{9A19103F-16F7-4668-BE54-9A1E7A4F7556}") = "CafeMenuProject.Domain", "CafeMenuProject.Entities\CafeMenuProject.Domain.csproj", "{D3367AD5-3661-4EAB-BC98-CFB573D5C192}"
EndProject
Project("{9A19103F-16F7-4668-BE54-9A1E7A4F7556}") = "CafeMenuProject.Persistence", "CafeMenuProject.Persistence\CafeMenuProject.Persistence.csproj", "{17EFE376-1CC5-4EE4-AA13-0EC71E68D418}"
EndProject
Project("{FAE04EC0-301F-11D3-BF4B-00C04F79EFBC}") = "CafeMenuProject.Web", "CafeMenuProject.Web\CafeMenuProject.Web.csproj", "{60AE21C9-4720-41A0-A454-CCBAA59506CC}"
EndProject
Project("{FAE04EC0-301F-11D3-BF4B-00C04F79EFBC}") = "CafeMenuProject.Utility", "CafeMenuProject.Utility\CafeMenuProject.Utility.csproj", "{E9332AAA-4B52-4466-8BA5-B28C6D06C0CF}"
EndProject
Project("{FAE04EC0-301F-11D3-BF4B-00C04F79EFBC}") = "CafeMenuProject.Application", "CafeMenuProject.Application\CafeMenuProject.Application.csproj", "{24B90039-7FAE-46BD-BF0B-4EACFC8A7E48}"
EndProject
Project("{FAE04EC0-301F-11D3-BF4B-00C04F79EFBC}") = "CafeMenuProject.ViewModel", "CafeMenuProject.ViewModel\CafeMenuProject.ViewModel.csproj", "{B574766E-4A78-4B50-B2F0-002952813386}"
EndProject
Project("{FAE04EC0-301F-11D3-BF4B-00C04F79EFBC}") = "CafeMenuProject.Mapper", "CafeMenuProject.Mapper\CafeMenuProject.Mapper.csproj", "{EB7C81CE-49CE-46A1-98EE-BF3641033438}"
EndProject
Global
	GlobalSection(SolutionConfigurationPlatforms) = preSolution
		Debug|Any CPU = Debug|Any CPU
		Release|Any CPU = Release|Any CPU
	EndGlobalSection
	GlobalSection(ProjectConfigurationPlatforms) = postSolution
		{D3367AD5-3661-4EAB-BC98-CFB573D5C192}.Debug|Any CPU.ActiveCfg = Debug|Any CPU
		{D3367AD5-3661-4EAB-BC98-CFB573D5C192}.Debug|Any CPU.Build.0 = Debug|Any CPU
		{D3367AD5-3661-4EAB-BC98-CFB573D5C192}.Release|Any CPU.ActiveCfg = Release|Any CPU
		{D3367AD5-3661-4EAB-BC98-CFB573D5C192}.Release|Any CPU.Build.0 = Release|Any CPU
		{17EFE376-1CC5-4EE4-AA13-0EC71E68D418}.Debug|Any CPU.ActiveCfg = Debug|Any CPU
		{17EFE376-1CC5-4EE4-AA13-0EC71E68D418}.Debug|Any CPU.Build.0 = Debug|Any CPU
		{17EFE376-1CC5-4EE4-AA13-0EC71E68D418}.Release|Any CPU.ActiveCfg = Release|Any CPU
		{17EFE376-1CC5-4EE4-AA13-0EC71E68D418}.Release|Any CPU.Build.0 = Release|Any CPU
		{60AE21C9-4720-41A0-A454-CCBAA59506CC}.Debug|Any CPU.ActiveCfg = Debug|Any CPU
		{60AE21C9-4720-41A0-A454-CCBAA59506CC}.Debug|Any CPU.Build.0 = Debug|Any CPU
		{60AE21C9-4720-41A0-A454-CCBAA59506CC}.Release|Any CPU.ActiveCfg = Release|Any CPU
		{60AE21C9-4720-41A0-A454-CCBAA59506CC}.Release|Any CPU.Build.0 = Release|Any CPU
		{E9332AAA-4B52-4466-8BA5-B28C6D06C0CF}.Debug|Any CPU.ActiveCfg = Debug|Any CPU
		{E9332AAA-4B52-4466-8BA5-B28C6D06C0CF}.Debug|Any CPU.Build.0 = Debug|Any CPU
		{E9332AAA-4B52-4466-8BA5-B28C6D06C0CF}.Release|Any CPU.ActiveCfg = Release|Any CPU
		{E9332AAA-4B52-4466-8BA5-B28C6D06C0CF}.Release|Any CPU.Build.0 = Release|Any CPU
		{24B90039-7FAE-46BD-BF0B-4EACFC8A7E48}.Debug|Any CPU.ActiveCfg = Debug|Any CPU
		{24B90039-7FAE-46BD-BF0B-4EACFC8A7E48}.Debug|Any CPU.Build.0 = Debug|Any CPU
		{24B90039-7FAE-46BD-BF0B-4EACFC8A7E48}.Release|Any CPU.ActiveCfg = Release|Any CPU
		{24B90039-7FAE-46BD-BF0B-4EACFC8A7E48}.Release|Any CPU.Build.0 = Release|Any CPU
		{B574766E-4A78-4B50-B2F0-002952813386}.Debug|Any CPU.ActiveCfg = Debug|Any CPU
		{B574766E-4A78-4B50-B2F0-002952813386}.Debug|Any CPU.Build.0 = Debug|Any CPU
		{B574766E-4A78-4B50-B2F0-002952813386}.Release|Any CPU.ActiveCfg = Release|Any CPU
		{B574766E-4A78-4B50-B2F0-002952813386}.Release|Any CPU.Build.0 = Release|Any CPU
		{EB7C81CE-49CE-46A1-98EE-BF3641033438}.Debug|Any CPU.ActiveCfg = Debug|Any CPU
		{EB7C81CE-49CE-46A1-98EE-BF3641033438}.Debug|Any CPU.Build.0 = Debug|Any CPU
		{EB7C81CE-49CE-46A1-98EE-BF3641033438}.Release|Any CPU.ActiveCfg = Release|Any CPU
		{EB7C81CE-49CE-46A1-98EE-BF3641033438}.Release|Any CPU.Build.0 = Release|Any CPU
	EndGlobalSection
	GlobalSection(SolutionProperties) = preSolution
		HideSolutionNode = FALSE
	EndGlobalSection
	GlobalSection(ExtensibilityGlobals) = postSolution
		SolutionGuid = {C9FC7FED-EFEE-4E21-828A-6E36E269E7F1}
	EndGlobalSection
EndGlobal
